// !$*UTF8*$!
{
	archiveVersion = 1;
	classes = {
	};
	objectVersion = 50;
	objects = {

/* Begin PBXBuildFile section */
		3F766556225BAD5A0049438C /* AppDelegate.swift in Sources */ = {isa = PBXBuildFile; fileRef = 3F766555225BAD5A0049438C /* AppDelegate.swift */; };
		3F766558225BAD5A0049438C /* FlightViewController.swift in Sources */ = {isa = PBXBuildFile; fileRef = 3F766557225BAD5A0049438C /* FlightViewController.swift */; };
		3F76655B225BAD5A0049438C /* Main.storyboard in Resources */ = {isa = PBXBuildFile; fileRef = 3F766559225BAD5A0049438C /* Main.storyboard */; };
		3F76655D225BAD5B0049438C /* Assets.xcassets in Resources */ = {isa = PBXBuildFile; fileRef = 3F76655C225BAD5B0049438C /* Assets.xcassets */; };
		3F766560225BAD5B0049438C /* LaunchScreen.storyboard in Resources */ = {isa = PBXBuildFile; fileRef = 3F76655E225BAD5B0049438C /* LaunchScreen.storyboard */; };
		3F76656E225BB2790049438C /* PlaneView.swift in Sources */ = {isa = PBXBuildFile; fileRef = 3F76656D225BB2790049438C /* PlaneView.swift */; };
		3F766571225BB30A0049438C /* FileName.swift in Sources */ = {isa = PBXBuildFile; fileRef = 3F766570225BB30A0049438C /* FileName.swift */; };
		3F766574225BB3B90049438C /* ErrorThrow.swift in Sources */ = {isa = PBXBuildFile; fileRef = 3F766573225BB3B90049438C /* ErrorThrow.swift */; };
/* End PBXBuildFile section */

/* Begin PBXFileReference section */
		3F766552225BAD5A0049438C /* CMShmup.app */ = {isa = PBXFileReference; explicitFileType = wrapper.application; includeInIndex = 0; path = CMShmup.app; sourceTree = BUILT_PRODUCTS_DIR; };
		3F766555225BAD5A0049438C /* AppDelegate.swift */ = {isa = PBXFileReference; lastKnownFileType = sourcecode.swift; path = AppDelegate.swift; sourceTree = "<group>"; };
		3F766557225BAD5A0049438C /* FlightViewController.swift */ = {isa = PBXFileReference; lastKnownFileType = sourcecode.swift; path = FlightViewController.swift; sourceTree = "<group>"; };
		3F76655A225BAD5A0049438C /* Base */ = {isa = PBXFileReference; lastKnownFileType = file.storyboard; name = Base; path = Base.lproj/Main.storyboard; sourceTree = "<group>"; };
		3F76655C225BAD5B0049438C /* Assets.xcassets */ = {isa = PBXFileReference; lastKnownFileType = folder.assetcatalog; path = Assets.xcassets; sourceTree = "<group>"; };
		3F76655F225BAD5B0049438C /* Base */ = {isa = PBXFileReference; lastKnownFileType = file.storyboard; name = Base; path = Base.lproj/LaunchScreen.storyboard; sourceTree = "<group>"; };
		3F766561225BAD5B0049438C /* Info.plist */ = {isa = PBXFileReference; lastKnownFileType = text.plist.xml; path = Info.plist; sourceTree = "<group>"; };
		3F76656D225BB2790049438C /* PlaneView.swift */ = {isa = PBXFileReference; lastKnownFileType = sourcecode.swift; path = PlaneView.swift; sourceTree = "<group>"; };
		3F766570225BB30A0049438C /* FileName.swift */ = {isa = PBXFileReference; lastKnownFileType = sourcecode.swift; path = FileName.swift; sourceTree = "<group>"; };
		3F766573225BB3B90049438C /* ErrorThrow.swift */ = {isa = PBXFileReference; lastKnownFileType = sourcecode.swift; path = ErrorThrow.swift; sourceTree = "<group>"; };
/* End PBXFileReference section */

/* Begin PBXFrameworksBuildPhase section */
		3F76654F225BAD5A0049438C /* Frameworks */ = {
			isa = PBXFrameworksBuildPhase;
			buildActionMask = 2147483647;
			files = (
			);
			runOnlyForDeploymentPostprocessing = 0;
		};
/* End PBXFrameworksBuildPhase section */

/* Begin PBXGroup section */
		3F766549225BAD5A0049438C = {
			isa = PBXGroup;
			children = (
				3F766554225BAD5A0049438C /* CMShmup */,
				3F766553225BAD5A0049438C /* Products */,
			);
			sourceTree = "<group>";
		};
		3F766553225BAD5A0049438C /* Products */ = {
			isa = PBXGroup;
			children = (
				3F766552225BAD5A0049438C /* CMShmup.app */,
			);
			name = Products;
			sourceTree = "<group>";
		};
		3F766554225BAD5A0049438C /* CMShmup */ = {
			isa = PBXGroup;
			children = (
				3F766575225BC8EF0049438C /* New Group */,
				3F766572225BB3AB0049438C /* Errors */,
				3F76656F225BB2FF0049438C /* Constants */,
				3F76656C225BB2650049438C /* View */,
				3F76656B225BB2510049438C /* Service */,
				3F76656A225BB2470049438C /* ViewControllers */,
				3F766555225BAD5A0049438C /* AppDelegate.swift */,
				3F766559225BAD5A0049438C /* Main.storyboard */,
				3F76655C225BAD5B0049438C /* Assets.xcassets */,
				3F76655E225BAD5B0049438C /* LaunchScreen.storyboard */,
				3F766561225BAD5B0049438C /* Info.plist */,
			);
			path = CMShmup;
			sourceTree = "<group>";
		};
		3F76656A225BB2470049438C /* ViewControllers */ = {
			isa = PBXGroup;
			children = (
				3F766557225BAD5A0049438C /* FlightViewController.swift */,
			);
			path = ViewControllers;
			sourceTree = "<group>";
		};
		3F76656B225BB2510049438C /* Service */ = {
			isa = PBXGroup;
			children = (
			);
			path = Service;
			sourceTree = "<group>";
		};
		3F76656C225BB2650049438C /* View */ = {
			isa = PBXGroup;
			children = (
				3F76656D225BB2790049438C /* PlaneView.swift */,
			);
			path = View;
			sourceTree = "<group>";
		};
		3F76656F225BB2FF0049438C /* Constants */ = {
			isa = PBXGroup;
			children = (
				3F766570225BB30A0049438C /* FileName.swift */,
			);
			path = Constants;
			sourceTree = "<group>";
		};
		3F766572225BB3AB0049438C /* Errors */ = {
			isa = PBXGroup;
			children = (
				3F766573225BB3B90049438C /* ErrorThrow.swift */,
			);
			path = Errors;
			sourceTree = "<group>";
		};
		3F766575225BC8EF0049438C /* New Group */ = {
			isa = PBXGroup;
			children = (
			);
			path = "New Group";
			sourceTree = "<group>";
		};
/* End PBXGroup section */

/* Begin PBXNativeTarget section */
		3F766551225BAD5A0049438C /* CMShmup */ = {
			isa = PBXNativeTarget;
			buildConfigurationList = 3F766564225BAD5B0049438C /* Build configuration list for PBXNativeTarget "CMShmup" */;
			buildPhases = (
				3F76654E225BAD5A0049438C /* Sources */,
				3F76654F225BAD5A0049438C /* Frameworks */,
				3F766550225BAD5A0049438C /* Resources */,
			);
			buildRules = (
			);
			dependencies = (
			);
			name = CMShmup;
			productName = CMShmup;
			productReference = 3F766552225BAD5A0049438C /* CMShmup.app */;
			productType = "com.apple.product-type.application";
		};
/* End PBXNativeTarget section */

/* Begin PBXProject section */
		3F76654A225BAD5A0049438C /* Project object */ = {
			isa = PBXProject;
			attributes = {
				LastSwiftUpdateCheck = 1020;
				LastUpgradeCheck = 1020;
				ORGANIZATIONNAME = KY;
				TargetAttributes = {
					3F766551225BAD5A0049438C = {
						CreatedOnToolsVersion = 10.2;
					};
				};
			};
			buildConfigurationList = 3F76654D225BAD5A0049438C /* Build configuration list for PBXProject "CMShmup" */;
			compatibilityVersion = "Xcode 9.3";
			developmentRegion = en;
			hasScannedForEncodings = 0;
			knownRegions = (
				en,
				Base,
			);
			mainGroup = 3F766549225BAD5A0049438C;
			productRefGroup = 3F766553225BAD5A0049438C /* Products */;
			projectDirPath = "";
			projectRoot = "";
			targets = (
				3F766551225BAD5A0049438C /* CMShmup */,
			);
		};
/* End PBXProject section */

/* Begin PBXResourcesBuildPhase section */
		3F766550225BAD5A0049438C /* Resources */ = {
			isa = PBXResourcesBuildPhase;
			buildActionMask = 2147483647;
			files = (
				3F766560225BAD5B0049438C /* LaunchScreen.storyboard in Resources */,
				3F76655D225BAD5B0049438C /* Assets.xcassets in Resources */,
				3F76655B225BAD5A0049438C /* Main.storyboard in Resources */,
			);
			runOnlyForDeploymentPostprocessing = 0;
		};
/* End PBXResourcesBuildPhase section */

/* Begin PBXSourcesBuildPhase section */
		3F76654E225BAD5A0049438C /* Sources */ = {
			isa = PBXSourcesBuildPhase;
			buildActionMask = 2147483647;
			files = (
				3F766558225BAD5A0049438C /* FlightViewController.swift in Sources */,
				3F76656E225BB2790049438C /* PlaneView.swift in Sources */,
				3F766571225BB30A0049438C /* FileName.swift in Sources */,
				3F766574225BB3B90049438C /* ErrorThrow.swift in Sources */,
				3F766556225BAD5A0049438C /* AppDelegate.swift in Sources */,
			);
			runOnlyForDeploymentPostprocessing = 0;
		};
/* End PBXSourcesBuildPhase section */

/* Begin PBXVariantGroup section */
		3F766559225BAD5A0049438C /* Main.storyboard */ = {
			isa = PBXVariantGroup;
			children = (
				3F76655A225BAD5A0049438C /* Base */,
			);
			name = Main.storyboard;
			sourceTree = "<group>";
		};
		3F76655E225BAD5B0049438C /* LaunchScreen.storyboard */ = {
			isa = PBXVariantGroup;
			children = (
				3F76655F225BAD5B0049438C /* Base */,
			);
			name = LaunchScreen.storyboard;
			sourceTree = "<group>";
		};
/* End PBXVariantGroup section */

/* Begin XCBuildConfiguration section */
		3F766562225BAD5B0049438C /* Debug */ = {
			isa = XCBuildConfiguration;
			buildSettings = {
				ALWAYS_SEARCH_USER_PATHS = NO;
				CLANG_ANALYZER_NONNULL = YES;
				CLANG_ANALYZER_NUMBER_OBJECT_CONVERSION = YES_AGGRESSIVE;
				CLANG_CXX_LANGUAGE_STANDARD = "gnu++14";
				CLANG_CXX_LIBRARY = "libc++";
				CLANG_ENABLE_MODULES = YES;
				CLANG_ENABLE_OBJC_ARC = YES;
				CLANG_ENABLE_OBJC_WEAK = YES;
				CLANG_WARN_BLOCK_CAPTURE_AUTORELEASING = YES;
				CLANG_WARN_BOOL_CONVERSION = YES;
				CLANG_WARN_COMMA = YES;
				CLANG_WARN_CONSTANT_CONVERSION = YES;
				CLANG_WARN_DEPRECATED_OBJC_IMPLEMENTATIONS = YES;
				CLANG_WARN_DIRECT_OBJC_ISA_USAGE = YES_ERROR;
				CLANG_WARN_DOCUMENTATION_COMMENTS = YES;
				CLANG_WARN_EMPTY_BODY = YES;
				CLANG_WARN_ENUM_CONVERSION = YES;
				CLANG_WARN_INFINITE_RECURSION = YES;
				CLANG_WARN_INT_CONVERSION = YES;
				CLANG_WARN_NON_LITERAL_NULL_CONVERSION = YES;
				CLANG_WARN_OBJC_IMPLICIT_RETAIN_SELF = YES;
				CLANG_WARN_OBJC_LITERAL_CONVERSION = YES;
				CLANG_WARN_OBJC_ROOT_CLASS = YES_ERROR;
				CLANG_WARN_RANGE_LOOP_ANALYSIS = YES;
				CLANG_WARN_STRICT_PROTOTYPES = YES;
				CLANG_WARN_SUSPICIOUS_MOVE = YES;
				CLANG_WARN_UNGUARDED_AVAILABILITY = YES_AGGRESSIVE;
				CLANG_WARN_UNREACHABLE_CODE = YES;
				CLANG_WARN__DUPLICATE_METHOD_MATCH = YES;
				CODE_SIGN_IDENTITY = "iPhone Developer";
				COPY_PHASE_STRIP = NO;
				DEBUG_INFORMATION_FORMAT = dwarf;
				ENABLE_STRICT_OBJC_MSGSEND = YES;
				ENABLE_TESTABILITY = YES;
				GCC_C_LANGUAGE_STANDARD = gnu11;
				GCC_DYNAMIC_NO_PIC = NO;
				GCC_NO_COMMON_BLOCKS = YES;
				GCC_OPTIMIZATION_LEVEL = 0;
				GCC_PREPROCESSOR_DEFINITIONS = (
					"DEBUG=1",
					"$(inherited)",
				);
				GCC_WARN_64_TO_32_BIT_CONVERSION = YES;
				GCC_WARN_ABOUT_RETURN_TYPE = YES_ERROR;
				GCC_WARN_UNDECLARED_SELECTOR = YES;
				GCC_WARN_UNINITIALIZED_AUTOS = YES_AGGRESSIVE;
				GCC_WARN_UNUSED_FUNCTION = YES;
				GCC_WARN_UNUSED_VARIABLE = YES;
				IPHONEOS_DEPLOYMENT_TARGET = 12.2;
				MTL_ENABLE_DEBUG_INFO = INCLUDE_SOURCE;
				MTL_FAST_MATH = YES;
				ONLY_ACTIVE_ARCH = YES;
				SDKROOT = iphoneos;
				SWIFT_ACTIVE_COMPILATION_CONDITIONS = DEBUG;
				SWIFT_OPTIMIZATION_LEVEL = "-Onone";
			};
			name = Debug;
		};
		3F766563225BAD5B0049438C /* Release */ = {
			isa = XCBuildConfiguration;
			buildSettings = {
				ALWAYS_SEARCH_USER_PATHS = NO;
				CLANG_ANALYZER_NONNULL = YES;
				CLANG_ANALYZER_NUMBER_OBJECT_CONVERSION = YES_AGGRESSIVE;
				CLANG_CXX_LANGUAGE_STANDARD = "gnu++14";
				CLANG_CXX_LIBRARY = "libc++";
				CLANG_ENABLE_MODULES = YES;
				CLANG_ENABLE_OBJC_ARC = YES;
				CLANG_ENABLE_OBJC_WEAK = YES;
				CLANG_WARN_BLOCK_CAPTURE_AUTORELEASING = YES;
				CLANG_WARN_BOOL_CONVERSION = YES;
				CLANG_WARN_COMMA = YES;
				CLANG_WARN_CONSTANT_CONVERSION = YES;
				CLANG_WARN_DEPRECATED_OBJC_IMPLEMENTATIONS = YES;
				CLANG_WARN_DIRECT_OBJC_ISA_USAGE = YES_ERROR;
				CLANG_WARN_DOCUMENTATION_COMMENTS = YES;
				CLANG_WARN_EMPTY_BODY = YES;
				CLANG_WARN_ENUM_CONVERSION = YES;
				CLANG_WARN_INFINITE_RECURSION = YES;
				CLANG_WARN_INT_CONVERSION = YES;
				CLANG_WARN_NON_LITERAL_NULL_CONVERSION = YES;
				CLANG_WARN_OBJC_IMPLICIT_RETAIN_SELF = YES;
				CLANG_WARN_OBJC_LITERAL_CONVERSION = YES;
				CLANG_WARN_OBJC_ROOT_CLASS = YES_ERROR;
				CLANG_WARN_RANGE_LOOP_ANALYSIS = YES;
				CLANG_WARN_STRICT_PROTOTYPES = YES;
				CLANG_WARN_SUSPICIOUS_MOVE = YES;
				CLANG_WARN_UNGUARDED_AVAILABILITY = YES_AGGRESSIVE;
				CLANG_WARN_UNREACHABLE_CODE = YES;
				CLANG_WARN__DUPLICATE_METHOD_MATCH = YES;
				CODE_SIGN_IDENTITY = "iPhone Developer";
				COPY_PHASE_STRIP = NO;
				DEBUG_INFORMATION_FORMAT = "dwarf-with-dsym";
				ENABLE_NS_ASSERTIONS = NO;
				ENABLE_STRICT_OBJC_MSGSEND = YES;
				GCC_C_LANGUAGE_STANDARD = gnu11;
				GCC_NO_COMMON_BLOCKS = YES;
				GCC_WARN_64_TO_32_BIT_CONVERSION = YES;
				GCC_WARN_ABOUT_RETURN_TYPE = YES_ERROR;
				GCC_WARN_UNDECLARED_SELECTOR = YES;
				GCC_WARN_UNINITIALIZED_AUTOS = YES_AGGRESSIVE;
				GCC_WARN_UNUSED_FUNCTION = YES;
				GCC_WARN_UNUSED_VARIABLE = YES;
				IPHONEOS_DEPLOYMENT_TARGET = 12.2;
				MTL_ENABLE_DEBUG_INFO = NO;
				MTL_FAST_MATH = YES;
				SDKROOT = iphoneos;
				SWIFT_COMPILATION_MODE = wholemodule;
				SWIFT_OPTIMIZATION_LEVEL = "-O";
				VALIDATE_PRODUCT = YES;
			};
			name = Release;
		};
		3F766565225BAD5B0049438C /* Debug */ = {
			isa = XCBuildConfiguration;
			buildSettings = {
				ASSETCATALOG_COMPILER_APPICON_NAME = AppIcon;
				CODE_SIGN_STYLE = Automatic;
				INFOPLIST_FILE = CMShmup/Info.plist;
				LD_RUNPATH_SEARCH_PATHS = (
					"$(inherited)",
					"@executable_path/Frameworks",
				);
				PRODUCT_BUNDLE_IDENTIFIER = KY.CMShmup;
				PRODUCT_NAME = "$(TARGET_NAME)";
				SWIFT_VERSION = 5.0;
				TARGETED_DEVICE_FAMILY = "1,2";
			};
			name = Debug;
		};
		3F766566225BAD5B0049438C /* Release */ = {
			isa = XCBuildConfiguration;
			buildSettings = {
				ASSETCATALOG_COMPILER_APPICON_NAME = AppIcon;
				CODE_SIGN_STYLE = Automatic;
				INFOPLIST_FILE = CMShmup/Info.plist;
				LD_RUNPATH_SEARCH_PATHS = (
					"$(inherited)",
					"@executable_path/Frameworks",
				);
				PRODUCT_BUNDLE_IDENTIFIER = KY.CMShmup;
				PRODUCT_NAME = "$(TARGET_NAME)";
				SWIFT_VERSION = 5.0;
				TARGETED_DEVICE_FAMILY = "1,2";
			};
			name = Release;
		};
/* End XCBuildConfiguration section */

/* Begin XCConfigurationList section */
		3F76654D225BAD5A0049438C /* Build configuration list for PBXProject "CMShmup" */ = {
			isa = XCConfigurationList;
			buildConfigurations = (
				3F766562225BAD5B0049438C /* Debug */,
				3F766563225BAD5B0049438C /* Release */,
			);
			defaultConfigurationIsVisible = 0;
			defaultConfigurationName = Release;
		};
		3F766564225BAD5B0049438C /* Build configuration list for PBXNativeTarget "CMShmup" */ = {
			isa = XCConfigurationList;
			buildConfigurations = (
				3F766565225BAD5B0049438C /* Debug */,
				3F766566225BAD5B0049438C /* Release */,
			);
			defaultConfigurationIsVisible = 0;
			defaultConfigurationName = Release;
		};
/* End XCConfigurationList section */
	};
	rootObject = 3F76654A225BAD5A0049438C /* Project object */;
}
